// !$*UTF8*$!
{
	archiveVersion = 1;
	classes = {
	};
	objectVersion = 46;
	objects = {

/* Begin PBXBuildFile section */
		3BB2215C1B4E448700E2B7E1 /* AppDelegate.swift in Sources */ = {isa = PBXBuildFile; fileRef = 3BB2215B1B4E448700E2B7E1 /* AppDelegate.swift */; };
		3BB2215E1B4E448700E2B7E1 /* MasterViewController.swift in Sources */ = {isa = PBXBuildFile; fileRef = 3BB2215D1B4E448700E2B7E1 /* MasterViewController.swift */; };
		3BB221601B4E448700E2B7E1 /* DetailViewController.swift in Sources */ = {isa = PBXBuildFile; fileRef = 3BB2215F1B4E448700E2B7E1 /* DetailViewController.swift */; };
		3BB221631B4E448700E2B7E1 /* Main.storyboard in Resources */ = {isa = PBXBuildFile; fileRef = 3BB221611B4E448700E2B7E1 /* Main.storyboard */; };
		3BB221651B4E448700E2B7E1 /* Images.xcassets in Resources */ = {isa = PBXBuildFile; fileRef = 3BB221641B4E448700E2B7E1 /* Images.xcassets */; };
		3BB221681B4E448700E2B7E1 /* LaunchScreen.xib in Resources */ = {isa = PBXBuildFile; fileRef = 3BB221661B4E448700E2B7E1 /* LaunchScreen.xib */; };
		3BB221741B4E448700E2B7E1 /* ACLifeCycle_Swift_3Tests.swift in Sources */ = {isa = PBXBuildFile; fileRef = 3BB221731B4E448700E2B7E1 /* ACLifeCycle_Swift_3Tests.swift */; };
/* End PBXBuildFile section */

/* Begin PBXContainerItemProxy section */
		3BB2216E1B4E448700E2B7E1 /* PBXContainerItemProxy */ = {
			isa = PBXContainerItemProxy;
			containerPortal = 3BB2214E1B4E448700E2B7E1 /* Project object */;
			proxyType = 1;
			remoteGlobalIDString = 3BB221551B4E448700E2B7E1;
			remoteInfo = ACLifeCycle_Swift_3;
		};
/* End PBXContainerItemProxy section */

/* Begin PBXFileReference section */
		3BB221561B4E448700E2B7E1 /* ACLifeCycle_Swift_3.app */ = {isa = PBXFileReference; explicitFileType = wrapper.application; includeInIndex = 0; path = ACLifeCycle_Swift_3.app; sourceTree = BUILT_PRODUCTS_DIR; };
		3BB2215A1B4E448700E2B7E1 /* Info.plist */ = {isa = PBXFileReference; lastKnownFileType = text.plist.xml; path = Info.plist; sourceTree = "<group>"; };
		3BB2215B1B4E448700E2B7E1 /* AppDelegate.swift */ = {isa = PBXFileReference; lastKnownFileType = sourcecode.swift; path = AppDelegate.swift; sourceTree = "<group>"; };
		3BB2215D1B4E448700E2B7E1 /* MasterViewController.swift */ = {isa = PBXFileReference; lastKnownFileType = sourcecode.swift; path = MasterViewController.swift; sourceTree = "<group>"; };
		3BB2215F1B4E448700E2B7E1 /* DetailViewController.swift */ = {isa = PBXFileReference; lastKnownFileType = sourcecode.swift; path = DetailViewController.swift; sourceTree = "<group>"; };
		3BB221621B4E448700E2B7E1 /* Base */ = {isa = PBXFileReference; lastKnownFileType = file.storyboard; name = Base; path = Base.lproj/Main.storyboard; sourceTree = "<group>"; };
		3BB221641B4E448700E2B7E1 /* Images.xcassets */ = {isa = PBXFileReference; lastKnownFileType = folder.assetcatalog; path = Images.xcassets; sourceTree = "<group>"; };
		3BB221671B4E448700E2B7E1 /* Base */ = {isa = PBXFileReference; lastKnownFileType = file.xib; name = Base; path = Base.lproj/LaunchScreen.xib; sourceTree = "<group>"; };
		3BB2216D1B4E448700E2B7E1 /* ACLifeCycle_Swift_3Tests.xctest */ = {isa = PBXFileReference; explicitFileType = wrapper.cfbundle; includeInIndex = 0; path = ACLifeCycle_Swift_3Tests.xctest; sourceTree = BUILT_PRODUCTS_DIR; };
		3BB221721B4E448700E2B7E1 /* Info.plist */ = {isa = PBXFileReference; lastKnownFileType = text.plist.xml; path = Info.plist; sourceTree = "<group>"; };
		3BB221731B4E448700E2B7E1 /* ACLifeCycle_Swift_3Tests.swift */ = {isa = PBXFileReference; lastKnownFileType = sourcecode.swift; path = ACLifeCycle_Swift_3Tests.swift; sourceTree = "<group>"; };
/* End PBXFileReference section */

/* Begin PBXFrameworksBuildPhase section */
		3BB221531B4E448700E2B7E1 /* Frameworks */ = {
			isa = PBXFrameworksBuildPhase;
			buildActionMask = 2147483647;
			files = (
			);
			runOnlyForDeploymentPostprocessing = 0;
		};
		3BB2216A1B4E448700E2B7E1 /* Frameworks */ = {
			isa = PBXFrameworksBuildPhase;
			buildActionMask = 2147483647;
			files = (
			);
			runOnlyForDeploymentPostprocessing = 0;
		};
/* End PBXFrameworksBuildPhase section */

/* Begin PBXGroup section */
		3BB2214D1B4E448700E2B7E1 = {
			isa = PBXGroup;
			children = (
				3BB221581B4E448700E2B7E1 /* ACLifeCycle_Swift_3 */,
				3BB221701B4E448700E2B7E1 /* ACLifeCycle_Swift_3Tests */,
				3BB221571B4E448700E2B7E1 /* Products */,
			);
			sourceTree = "<group>";
		};
		3BB221571B4E448700E2B7E1 /* Products */ = {
			isa = PBXGroup;
			children = (
				3BB221561B4E448700E2B7E1 /* ACLifeCycle_Swift_3.app */,
				3BB2216D1B4E448700E2B7E1 /* ACLifeCycle_Swift_3Tests.xctest */,
			);
			name = Products;
			sourceTree = "<group>";
		};
		3BB221581B4E448700E2B7E1 /* ACLifeCycle_Swift_3 */ = {
			isa = PBXGroup;
			children = (
				3BB2215B1B4E448700E2B7E1 /* AppDelegate.swift */,
				3BB2215D1B4E448700E2B7E1 /* MasterViewController.swift */,
				3BB2215F1B4E448700E2B7E1 /* DetailViewController.swift */,
				3BB221611B4E448700E2B7E1 /* Main.storyboard */,
				3BB221641B4E448700E2B7E1 /* Images.xcassets */,
				3BB221661B4E448700E2B7E1 /* LaunchScreen.xib */,
				3BB221591B4E448700E2B7E1 /* Supporting Files */,
			);
			path = ACLifeCycle_Swift_3;
			sourceTree = "<group>";
		};
		3BB221591B4E448700E2B7E1 /* Supporting Files */ = {
			isa = PBXGroup;
			children = (
				3BB2215A1B4E448700E2B7E1 /* Info.plist */,
			);
			name = "Supporting Files";
			sourceTree = "<group>";
		};
		3BB221701B4E448700E2B7E1 /* ACLifeCycle_Swift_3Tests */ = {
			isa = PBXGroup;
			children = (
				3BB221731B4E448700E2B7E1 /* ACLifeCycle_Swift_3Tests.swift */,
				3BB221711B4E448700E2B7E1 /* Supporting Files */,
			);
			path = ACLifeCycle_Swift_3Tests;
			sourceTree = "<group>";
		};
		3BB221711B4E448700E2B7E1 /* Supporting Files */ = {
			isa = PBXGroup;
			children = (
				3BB221721B4E448700E2B7E1 /* Info.plist */,
			);
			name = "Supporting Files";
			sourceTree = "<group>";
		};
/* End PBXGroup section */

/* Begin PBXNativeTarget section */
		3BB221551B4E448700E2B7E1 /* ACLifeCycle_Swift_3 */ = {
			isa = PBXNativeTarget;
			buildConfigurationList = 3BB221771B4E448700E2B7E1 /* Build configuration list for PBXNativeTarget "ACLifeCycle_Swift_3" */;
			buildPhases = (
				3BB221521B4E448700E2B7E1 /* Sources */,
				3BB221531B4E448700E2B7E1 /* Frameworks */,
				3BB221541B4E448700E2B7E1 /* Resources */,
			);
			buildRules = (
			);
			dependencies = (
			);
			name = ACLifeCycle_Swift_3;
			productName = ACLifeCycle_Swift_3;
			productReference = 3BB221561B4E448700E2B7E1 /* ACLifeCycle_Swift_3.app */;
			productType = "com.apple.product-type.application";
		};
		3BB2216C1B4E448700E2B7E1 /* ACLifeCycle_Swift_3Tests */ = {
			isa = PBXNativeTarget;
			buildConfigurationList = 3BB2217A1B4E448700E2B7E1 /* Build configuration list for PBXNativeTarget "ACLifeCycle_Swift_3Tests" */;
			buildPhases = (
				3BB221691B4E448700E2B7E1 /* Sources */,
				3BB2216A1B4E448700E2B7E1 /* Frameworks */,
				3BB2216B1B4E448700E2B7E1 /* Resources */,
			);
			buildRules = (
			);
			dependencies = (
				3BB2216F1B4E448700E2B7E1 /* PBXTargetDependency */,
			);
			name = ACLifeCycle_Swift_3Tests;
			productName = ACLifeCycle_Swift_3Tests;
			productReference = 3BB2216D1B4E448700E2B7E1 /* ACLifeCycle_Swift_3Tests.xctest */;
			productType = "com.apple.product-type.bundle.unit-test";
		};
/* End PBXNativeTarget section */

/* Begin PBXProject section */
		3BB2214E1B4E448700E2B7E1 /* Project object */ = {
			isa = PBXProject;
			attributes = {
				LastUpgradeCheck = 0640;
				ORGANIZATIONNAME = "Jeremy Chien";
				TargetAttributes = {
					3BB221551B4E448700E2B7E1 = {
						CreatedOnToolsVersion = 6.4;
					};
					3BB2216C1B4E448700E2B7E1 = {
						CreatedOnToolsVersion = 6.4;
						TestTargetID = 3BB221551B4E448700E2B7E1;
					};
				};
			};
			buildConfigurationList = 3BB221511B4E448700E2B7E1 /* Build configuration list for PBXProject "ACLifeCycle_Swift_3" */;
			compatibilityVersion = "Xcode 3.2";
			developmentRegion = English;
			hasScannedForEncodings = 0;
			knownRegions = (
				en,
				Base,
			);
			mainGroup = 3BB2214D1B4E448700E2B7E1;
			productRefGroup = 3BB221571B4E448700E2B7E1 /* Products */;
			projectDirPath = "";
			projectRoot = "";
			targets = (
				3BB221551B4E448700E2B7E1 /* ACLifeCycle_Swift_3 */,
				3BB2216C1B4E448700E2B7E1 /* ACLifeCycle_Swift_3Tests */,
			);
		};
/* End PBXProject section */

/* Begin PBXResourcesBuildPhase section */
		3BB221541B4E448700E2B7E1 /* Resources */ = {
			isa = PBXResourcesBuildPhase;
			buildActionMask = 2147483647;
			files = (
				3BB221631B4E448700E2B7E1 /* Main.storyboard in Resources */,
				3BB221681B4E448700E2B7E1 /* LaunchScreen.xib in Resources */,
				3BB221651B4E448700E2B7E1 /* Images.xcassets in Resources */,
			);
			runOnlyForDeploymentPostprocessing = 0;
		};
		3BB2216B1B4E448700E2B7E1 /* Resources */ = {
			isa = PBXResourcesBuildPhase;
			buildActionMask = 2147483647;
			files = (
			);
			runOnlyForDeploymentPostprocessing = 0;
		};
/* End PBXResourcesBuildPhase section */

/* Begin PBXSourcesBuildPhase section */
		3BB221521B4E448700E2B7E1 /* Sources */ = {
			isa = PBXSourcesBuildPhase;
			buildActionMask = 2147483647;
			files = (
				3BB221601B4E448700E2B7E1 /* DetailViewController.swift in Sources */,
				3BB2215E1B4E448700E2B7E1 /* MasterViewController.swift in Sources */,
				3BB2215C1B4E448700E2B7E1 /* AppDelegate.swift in Sources */,
			);
			runOnlyForDeploymentPostprocessing = 0;
		};
		3BB221691B4E448700E2B7E1 /* Sources */ = {
			isa = PBXSourcesBuildPhase;
			buildActionMask = 2147483647;
			files = (
				3BB221741B4E448700E2B7E1 /* ACLifeCycle_Swift_3Tests.swift in Sources */,
			);
			runOnlyForDeploymentPostprocessing = 0;
		};
/* End PBXSourcesBuildPhase section */

/* Begin PBXTargetDependency section */
		3BB2216F1B4E448700E2B7E1 /* PBXTargetDependency */ = {
			isa = PBXTargetDependency;
			target = 3BB221551B4E448700E2B7E1 /* ACLifeCycle_Swift_3 */;
			targetProxy = 3BB2216E1B4E448700E2B7E1 /* PBXContainerItemProxy */;
		};
/* End PBXTargetDependency section */

/* Begin PBXVariantGroup section */
		3BB221611B4E448700E2B7E1 /* Main.storyboard */ = {
			isa = PBXVariantGroup;
			children = (
				3BB221621B4E448700E2B7E1 /* Base */,
			);
			name = Main.storyboard;
			sourceTree = "<group>";
		};
		3BB221661B4E448700E2B7E1 /* LaunchScreen.xib */ = {
			isa = PBXVariantGroup;
			children = (
				3BB221671B4E448700E2B7E1 /* Base */,
			);
			name = LaunchScreen.xib;
			sourceTree = "<group>";
		};
/* End PBXVariantGroup section */

/* Begin XCBuildConfiguration section */
		3BB221751B4E448700E2B7E1 /* Debug */ = {
			isa = XCBuildConfiguration;
			buildSettings = {
				ALWAYS_SEARCH_USER_PATHS = NO;
				CLANG_CXX_LANGUAGE_STANDARD = "gnu++0x";
				CLANG_CXX_LIBRARY = "libc++";
				CLANG_ENABLE_MODULES = YES;
				CLANG_ENABLE_OBJC_ARC = YES;
				CLANG_WARN_BOOL_CONVERSION = YES;
				CLANG_WARN_CONSTANT_CONVERSION = YES;
				CLANG_WARN_DIRECT_OBJC_ISA_USAGE = YES_ERROR;
				CLANG_WARN_EMPTY_BODY = YES;
				CLANG_WARN_ENUM_CONVERSION = YES;
				CLANG_WARN_INT_CONVERSION = YES;
				CLANG_WARN_OBJC_ROOT_CLASS = YES_ERROR;
				CLANG_WARN_UNREACHABLE_CODE = YES;
				CLANG_WARN__DUPLICATE_METHOD_MATCH = YES;
				"CODE_SIGN_IDENTITY[sdk=iphoneos*]" = "iPhone Developer";
				COPY_PHASE_STRIP = NO;
				DEBUG_INFORMATION_FORMAT = "dwarf-with-dsym";
				ENABLE_STRICT_OBJC_MSGSEND = YES;
				GCC_C_LANGUAGE_STANDARD = gnu99;
				GCC_DYNAMIC_NO_PIC = NO;
				GCC_NO_COMMON_BLOCKS = YES;
				GCC_OPTIMIZATION_LEVEL = 0;
				GCC_PREPROCESSOR_DEFINITIONS = (
					"DEBUG=1",
					"$(inherited)",
				);
				GCC_SYMBOLS_PRIVATE_EXTERN = NO;
				GCC_WARN_64_TO_32_BIT_CONVERSION = YES;
				GCC_WARN_ABOUT_RETURN_TYPE = YES_ERROR;
				GCC_WARN_UNDECLARED_SELECTOR = YES;
				GCC_WARN_UNINITIALIZED_AUTOS = YES_AGGRESSIVE;
				GCC_WARN_UNUSED_FUNCTION = YES;
				GCC_WARN_UNUSED_VARIABLE = YES;
				IPHONEOS_DEPLOYMENT_TARGET = 8.4;
				MTL_ENABLE_DEBUG_INFO = YES;
				ONLY_ACTIVE_ARCH = YES;
				SDKROOT = iphoneos;
				SWIFT_OPTIMIZATION_LEVEL = "-Onone";
				TARGETED_DEVICE_FAMILY = "1,2";
			};
			name = Debug;
		};
		3BB221761B4E448700E2B7E1 /* Release */ = {
			isa = XCBuildConfiguration;
			buildSettings = {
				ALWAYS_SEARCH_USER_PATHS = NO;
				CLANG_CXX_LANGUAGE_STANDARD = "gnu++0x";
				CLANG_CXX_LIBRARY = "libc++";
				CLANG_ENABLE_MODULES = YES;
				CLANG_ENABLE_OBJC_ARC = YES;
				CLANG_WARN_BOOL_CONVERSION = YES;
				CLANG_WARN_CONSTANT_CONVERSION = YES;
				CLANG_WARN_DIRECT_OBJC_ISA_USAGE = YES_ERROR;
				CLANG_WARN_EMPTY_BODY = YES;
				CLANG_WARN_ENUM_CONVERSION = YES;
				CLANG_WARN_INT_CONVERSION = YES;
				CLANG_WARN_OBJC_ROOT_CLASS = YES_ERROR;
				CLANG_WARN_UNREACHABLE_CODE = YES;
				CLANG_WARN__DUPLICATE_METHOD_MATCH = YES;
				"CODE_SIGN_IDENTITY[sdk=iphoneos*]" = "iPhone Developer";
				COPY_PHASE_STRIP = NO;
				DEBUG_INFORMATION_FORMAT = "dwarf-with-dsym";
				ENABLE_NS_ASSERTIONS = NO;
				ENABLE_STRICT_OBJC_MSGSEND = YES;
				GCC_C_LANGUAGE_STANDARD = gnu99;
				GCC_NO_COMMON_BLOCKS = YES;
				GCC_WARN_64_TO_32_BIT_CONVERSION = YES;
				GCC_WARN_ABOUT_RETURN_TYPE = YES_ERROR;
				GCC_WARN_UNDECLARED_SELECTOR = YES;
				GCC_WARN_UNINITIALIZED_AUTOS = YES_AGGRESSIVE;
				GCC_WARN_UNUSED_FUNCTION = YES;
				GCC_WARN_UNUSED_VARIABLE = YES;
				IPHONEOS_DEPLOYMENT_TARGET = 8.4;
				MTL_ENABLE_DEBUG_INFO = NO;
				SDKROOT = iphoneos;
				TARGETED_DEVICE_FAMILY = "1,2";
				VALIDATE_PRODUCT = YES;
			};
			name = Release;
		};
		3BB221781B4E448700E2B7E1 /* Debug */ = {
			isa = XCBuildConfiguration;
			buildSettings = {
				ASSETCATALOG_COMPILER_APPICON_NAME = AppIcon;
				INFOPLIST_FILE = ACLifeCycle_Swift_3/Info.plist;
				LD_RUNPATH_SEARCH_PATHS = "$(inherited) @executable_path/Frameworks";
				PRODUCT_NAME = "$(TARGET_NAME)";
			};
			name = Debug;
		};
		3BB221791B4E448700E2B7E1 /* Release */ = {
			isa = XCBuildConfiguration;
			buildSettings = {
				ASSETCATALOG_COMPILER_APPICON_NAME = AppIcon;
				INFOPLIST_FILE = ACLifeCycle_Swift_3/Info.plist;
				LD_RUNPATH_SEARCH_PATHS = "$(inherited) @executable_path/Frameworks";
				PRODUCT_NAME = "$(TARGET_NAME)";
			};
			name = Release;
		};
		3BB2217B1B4E448700E2B7E1 /* Debug */ = {
			isa = XCBuildConfiguration;
			buildSettings = {
				BUNDLE_LOADER = "$(TEST_HOST)";
				FRAMEWORK_SEARCH_PATHS = (
					"$(SDKROOT)/Developer/Library/Frameworks",
					"$(inherited)",
				);
				GCC_PREPROCESSOR_DEFINITIONS = (
					"DEBUG=1",
					"$(inherited)",
				);
				INFOPLIST_FILE = ACLifeCycle_Swift_3Tests/Info.plist;
				LD_RUNPATH_SEARCH_PATHS = "$(inherited) @executable_path/Frameworks @loader_path/Frameworks";
				PRODUCT_NAME = "$(TARGET_NAME)";
				TEST_HOST = "$(BUILT_PRODUCTS_DIR)/ACLifeCycle_Swift_3.app/ACLifeCycle_Swift_3";
			};
			name = Debug;
		};
		3BB2217C1B4E448700E2B7E1 /* Release */ = {
			isa = XCBuildConfiguration;
			buildSettings = {
				BUNDLE_LOADER = "$(TEST_HOST)";
				FRAMEWORK_SEARCH_PATHS = (
					"$(SDKROOT)/Developer/Library/Frameworks",
					"$(inherited)",
				);
				INFOPLIST_FILE = ACLifeCycle_Swift_3Tests/Info.plist;
				LD_RUNPATH_SEARCH_PATHS = "$(inherited) @executable_path/Frameworks @loader_path/Frameworks";
				PRODUCT_NAME = "$(TARGET_NAME)";
				TEST_HOST = "$(BUILT_PRODUCTS_DIR)/ACLifeCycle_Swift_3.app/ACLifeCycle_Swift_3";
			};
			name = Release;
		};
/* End XCBuildConfiguration section */

/* Begin XCConfigurationList section */
		3BB221511B4E448700E2B7E1 /* Build configuration list for PBXProject "ACLifeCycle_Swift_3" */ = {
			isa = XCConfigurationList;
			buildConfigurations = (
				3BB221751B4E448700E2B7E1 /* Debug */,
				3BB221761B4E448700E2B7E1 /* Release */,
			);
			defaultConfigurationIsVisible = 0;
			defaultConfigurationName = Release;
		};
		3BB221771B4E448700E2B7E1 /* Build configuration list for PBXNativeTarget "ACLifeCycle_Swift_3" */ = {
			isa = XCConfigurationList;
			buildConfigurations = (
				3BB221781B4E448700E2B7E1 /* Debug */,
				3BB221791B4E448700E2B7E1 /* Release */,
			);
			defaultConfigurationIsVisible = 0;
		};
		3BB2217A1B4E448700E2B7E1 /* Build configuration list for PBXNativeTarget "ACLifeCycle_Swift_3Tests" */ = {
			isa = XCConfigurationList;
			buildConfigurations = (
				3BB2217B1B4E448700E2B7E1 /* Debug */,
				3BB2217C1B4E448700E2B7E1 /* Release */,
			);
			defaultConfigurationIsVisible = 0;
		};
/* End XCConfigurationList section */
	};
	rootObject = 3BB2214E1B4E448700E2B7E1 /* Project object */;
}
