// !$*UTF8*$!
{
	archiveVersion = 1;
	classes = {
	};
	objectVersion = 46;
	objects = {

/* Begin PBXBuildFile section */
		2BAB0E904E119D646DC793AD /* libPods.a in Frameworks */ = {isa = PBXBuildFile; fileRef = 196BB24EDFDC2BC3F6178355 /* libPods.a */; };
		3BBB89481B67349900580272 /* AppDelegate.swift in Sources */ = {isa = PBXBuildFile; fileRef = 3BBB89471B67349900580272 /* AppDelegate.swift */; };
		3BBB894A1B67349900580272 /* ViewController.swift in Sources */ = {isa = PBXBuildFile; fileRef = 3BBB89491B67349900580272 /* ViewController.swift */; };
		3BBB894D1B67349900580272 /* Main.storyboard in Resources */ = {isa = PBXBuildFile; fileRef = 3BBB894B1B67349900580272 /* Main.storyboard */; };
		3BBB894F1B67349900580272 /* Images.xcassets in Resources */ = {isa = PBXBuildFile; fileRef = 3BBB894E1B67349900580272 /* Images.xcassets */; };
		3BBB89521B67349900580272 /* LaunchScreen.xib in Resources */ = {isa = PBXBuildFile; fileRef = 3BBB89501B67349900580272 /* LaunchScreen.xib */; };
		3BBB895E1B67349900580272 /* parsePracticeSwiftTests.swift in Sources */ = {isa = PBXBuildFile; fileRef = 3BBB895D1B67349900580272 /* parsePracticeSwiftTests.swift */; };
		3BBB89691B67352B00580272 /* restaurant.m in Sources */ = {isa = PBXBuildFile; fileRef = 3BBB89681B67352B00580272 /* restaurant.m */; };
		3BBB896B1B6735B200580272 /* restaureantTableViewController.swift in Sources */ = {isa = PBXBuildFile; fileRef = 3BBB896A1B6735B200580272 /* restaureantTableViewController.swift */; };
/* End PBXBuildFile section */

/* Begin PBXContainerItemProxy section */
		3BBB89581B67349900580272 /* PBXContainerItemProxy */ = {
			isa = PBXContainerItemProxy;
			containerPortal = 3BBB893A1B67349900580272 /* Project object */;
			proxyType = 1;
			remoteGlobalIDString = 3BBB89411B67349900580272;
			remoteInfo = parsePracticeSwift;
		};
/* End PBXContainerItemProxy section */

/* Begin PBXFileReference section */
		196BB24EDFDC2BC3F6178355 /* libPods.a */ = {isa = PBXFileReference; explicitFileType = archive.ar; includeInIndex = 0; path = libPods.a; sourceTree = BUILT_PRODUCTS_DIR; };
		297126791141E345DF8F89CE /* Pods.release.xcconfig */ = {isa = PBXFileReference; includeInIndex = 1; lastKnownFileType = text.xcconfig; name = Pods.release.xcconfig; path = "Pods/Target Support Files/Pods/Pods.release.xcconfig"; sourceTree = "<group>"; };
		3BBB89421B67349900580272 /* parsePracticeSwift.app */ = {isa = PBXFileReference; explicitFileType = wrapper.application; includeInIndex = 0; path = parsePracticeSwift.app; sourceTree = BUILT_PRODUCTS_DIR; };
		3BBB89461B67349900580272 /* Info.plist */ = {isa = PBXFileReference; lastKnownFileType = text.plist.xml; path = Info.plist; sourceTree = "<group>"; };
		3BBB89471B67349900580272 /* AppDelegate.swift */ = {isa = PBXFileReference; lastKnownFileType = sourcecode.swift; path = AppDelegate.swift; sourceTree = "<group>"; };
		3BBB89491B67349900580272 /* ViewController.swift */ = {isa = PBXFileReference; lastKnownFileType = sourcecode.swift; path = ViewController.swift; sourceTree = "<group>"; };
		3BBB894C1B67349900580272 /* Base */ = {isa = PBXFileReference; lastKnownFileType = file.storyboard; name = Base; path = Base.lproj/Main.storyboard; sourceTree = "<group>"; };
		3BBB894E1B67349900580272 /* Images.xcassets */ = {isa = PBXFileReference; lastKnownFileType = folder.assetcatalog; path = Images.xcassets; sourceTree = "<group>"; };
		3BBB89511B67349900580272 /* Base */ = {isa = PBXFileReference; lastKnownFileType = file.xib; name = Base; path = Base.lproj/LaunchScreen.xib; sourceTree = "<group>"; };
		3BBB89571B67349900580272 /* parsePracticeSwiftTests.xctest */ = {isa = PBXFileReference; explicitFileType = wrapper.cfbundle; includeInIndex = 0; path = parsePracticeSwiftTests.xctest; sourceTree = BUILT_PRODUCTS_DIR; };
		3BBB895C1B67349900580272 /* Info.plist */ = {isa = PBXFileReference; lastKnownFileType = text.plist.xml; path = Info.plist; sourceTree = "<group>"; };
		3BBB895D1B67349900580272 /* parsePracticeSwiftTests.swift */ = {isa = PBXFileReference; lastKnownFileType = sourcecode.swift; path = parsePracticeSwiftTests.swift; sourceTree = "<group>"; };
		3BBB89671B67352B00580272 /* parsePracticeSwift-Bridging-Header.h */ = {isa = PBXFileReference; lastKnownFileType = sourcecode.c.h; path = "parsePracticeSwift-Bridging-Header.h"; sourceTree = "<group>"; };
		3BBB89681B67352B00580272 /* restaurant.m */ = {isa = PBXFileReference; fileEncoding = 4; lastKnownFileType = sourcecode.c.objc; path = restaurant.m; sourceTree = "<group>"; };
		3BBB896A1B6735B200580272 /* restaureantTableViewController.swift */ = {isa = PBXFileReference; fileEncoding = 4; lastKnownFileType = sourcecode.swift; path = restaureantTableViewController.swift; sourceTree = "<group>"; };
		C1FE0A78AD61780691A2578A /* Pods.debug.xcconfig */ = {isa = PBXFileReference; includeInIndex = 1; lastKnownFileType = text.xcconfig; name = Pods.debug.xcconfig; path = "Pods/Target Support Files/Pods/Pods.debug.xcconfig"; sourceTree = "<group>"; };
/* End PBXFileReference section */

/* Begin PBXFrameworksBuildPhase section */
		3BBB893F1B67349900580272 /* Frameworks */ = {
			isa = PBXFrameworksBuildPhase;
			buildActionMask = 2147483647;
			files = (
				2BAB0E904E119D646DC793AD /* libPods.a in Frameworks */,
			);
			runOnlyForDeploymentPostprocessing = 0;
		};
		3BBB89541B67349900580272 /* Frameworks */ = {
			isa = PBXFrameworksBuildPhase;
			buildActionMask = 2147483647;
			files = (
			);
			runOnlyForDeploymentPostprocessing = 0;
		};
/* End PBXFrameworksBuildPhase section */

/* Begin PBXGroup section */
		3BBB89391B67349900580272 = {
			isa = PBXGroup;
			children = (
				3BBB89681B67352B00580272 /* restaurant.m */,
				3BBB89441B67349900580272 /* parsePracticeSwift */,
				3BBB895A1B67349900580272 /* parsePracticeSwiftTests */,
				3BBB89431B67349900580272 /* Products */,
				6BE75FFF744D34E97BE65BF3 /* Pods */,
				AFAE8B9A2DDBC853F3654B4C /* Frameworks */,
				3BBB89671B67352B00580272 /* parsePracticeSwift-Bridging-Header.h */,
			);
			sourceTree = "<group>";
		};
		3BBB89431B67349900580272 /* Products */ = {
			isa = PBXGroup;
			children = (
				3BBB89421B67349900580272 /* parsePracticeSwift.app */,
				3BBB89571B67349900580272 /* parsePracticeSwiftTests.xctest */,
			);
			name = Products;
			sourceTree = "<group>";
		};
		3BBB89441B67349900580272 /* parsePracticeSwift */ = {
			isa = PBXGroup;
			children = (
				3BBB89471B67349900580272 /* AppDelegate.swift */,
				3BBB89491B67349900580272 /* ViewController.swift */,
				3BBB894B1B67349900580272 /* Main.storyboard */,
				3BBB894E1B67349900580272 /* Images.xcassets */,
				3BBB89501B67349900580272 /* LaunchScreen.xib */,
				3BBB89451B67349900580272 /* Supporting Files */,
				3BBB896A1B6735B200580272 /* restaureantTableViewController.swift */,
			);
			path = parsePracticeSwift;
			sourceTree = "<group>";
		};
		3BBB89451B67349900580272 /* Supporting Files */ = {
			isa = PBXGroup;
			children = (
				3BBB89461B67349900580272 /* Info.plist */,
			);
			name = "Supporting Files";
			sourceTree = "<group>";
		};
		3BBB895A1B67349900580272 /* parsePracticeSwiftTests */ = {
			isa = PBXGroup;
			children = (
				3BBB895D1B67349900580272 /* parsePracticeSwiftTests.swift */,
				3BBB895B1B67349900580272 /* Supporting Files */,
			);
			path = parsePracticeSwiftTests;
			sourceTree = "<group>";
		};
		3BBB895B1B67349900580272 /* Supporting Files */ = {
			isa = PBXGroup;
			children = (
				3BBB895C1B67349900580272 /* Info.plist */,
			);
			name = "Supporting Files";
			sourceTree = "<group>";
		};
		6BE75FFF744D34E97BE65BF3 /* Pods */ = {
			isa = PBXGroup;
			children = (
				C1FE0A78AD61780691A2578A /* Pods.debug.xcconfig */,
				297126791141E345DF8F89CE /* Pods.release.xcconfig */,
			);
			name = Pods;
			sourceTree = "<group>";
		};
		AFAE8B9A2DDBC853F3654B4C /* Frameworks */ = {
			isa = PBXGroup;
			children = (
				196BB24EDFDC2BC3F6178355 /* libPods.a */,
			);
			name = Frameworks;
			sourceTree = "<group>";
		};
/* End PBXGroup section */

/* Begin PBXNativeTarget section */
		3BBB89411B67349900580272 /* parsePracticeSwift */ = {
			isa = PBXNativeTarget;
			buildConfigurationList = 3BBB89611B67349900580272 /* Build configuration list for PBXNativeTarget "parsePracticeSwift" */;
			buildPhases = (
				25CF6CB6C26FB05A77AD49D4 /* Check Pods Manifest.lock */,
				3BBB893E1B67349900580272 /* Sources */,
				3BBB893F1B67349900580272 /* Frameworks */,
				3BBB89401B67349900580272 /* Resources */,
				EB9149DD207B31CBD0FFE20F /* Copy Pods Resources */,
			);
			buildRules = (
			);
			dependencies = (
			);
			name = parsePracticeSwift;
			productName = parsePracticeSwift;
			productReference = 3BBB89421B67349900580272 /* parsePracticeSwift.app */;
			productType = "com.apple.product-type.application";
		};
		3BBB89561B67349900580272 /* parsePracticeSwiftTests */ = {
			isa = PBXNativeTarget;
			buildConfigurationList = 3BBB89641B67349900580272 /* Build configuration list for PBXNativeTarget "parsePracticeSwiftTests" */;
			buildPhases = (
				3BBB89531B67349900580272 /* Sources */,
				3BBB89541B67349900580272 /* Frameworks */,
				3BBB89551B67349900580272 /* Resources */,
			);
			buildRules = (
			);
			dependencies = (
				3BBB89591B67349900580272 /* PBXTargetDependency */,
			);
			name = parsePracticeSwiftTests;
			productName = parsePracticeSwiftTests;
			productReference = 3BBB89571B67349900580272 /* parsePracticeSwiftTests.xctest */;
			productType = "com.apple.product-type.bundle.unit-test";
		};
/* End PBXNativeTarget section */

/* Begin PBXProject section */
		3BBB893A1B67349900580272 /* Project object */ = {
			isa = PBXProject;
			attributes = {
				LastUpgradeCheck = 0640;
				ORGANIZATIONNAME = "Jeremy Chien";
				TargetAttributes = {
					3BBB89411B67349900580272 = {
						CreatedOnToolsVersion = 6.4;
					};
					3BBB89561B67349900580272 = {
						CreatedOnToolsVersion = 6.4;
						TestTargetID = 3BBB89411B67349900580272;
					};
				};
			};
			buildConfigurationList = 3BBB893D1B67349900580272 /* Build configuration list for PBXProject "parsePracticeSwift" */;
			compatibilityVersion = "Xcode 3.2";
			developmentRegion = English;
			hasScannedForEncodings = 0;
			knownRegions = (
				en,
				Base,
			);
			mainGroup = 3BBB89391B67349900580272;
			productRefGroup = 3BBB89431B67349900580272 /* Products */;
			projectDirPath = "";
			projectRoot = "";
			targets = (
				3BBB89411B67349900580272 /* parsePracticeSwift */,
				3BBB89561B67349900580272 /* parsePracticeSwiftTests */,
			);
		};
/* End PBXProject section */

/* Begin PBXResourcesBuildPhase section */
		3BBB89401B67349900580272 /* Resources */ = {
			isa = PBXResourcesBuildPhase;
			buildActionMask = 2147483647;
			files = (
				3BBB894D1B67349900580272 /* Main.storyboard in Resources */,
				3BBB89521B67349900580272 /* LaunchScreen.xib in Resources */,
				3BBB894F1B67349900580272 /* Images.xcassets in Resources */,
			);
			runOnlyForDeploymentPostprocessing = 0;
		};
		3BBB89551B67349900580272 /* Resources */ = {
			isa = PBXResourcesBuildPhase;
			buildActionMask = 2147483647;
			files = (
			);
			runOnlyForDeploymentPostprocessing = 0;
		};
/* End PBXResourcesBuildPhase section */

/* Begin PBXShellScriptBuildPhase section */
		25CF6CB6C26FB05A77AD49D4 /* Check Pods Manifest.lock */ = {
			isa = PBXShellScriptBuildPhase;
			buildActionMask = 2147483647;
			files = (
			);
			inputPaths = (
			);
			name = "Check Pods Manifest.lock";
			outputPaths = (
			);
			runOnlyForDeploymentPostprocessing = 0;
			shellPath = /bin/sh;
			shellScript = "diff \"${PODS_ROOT}/../Podfile.lock\" \"${PODS_ROOT}/Manifest.lock\" > /dev/null\nif [[ $? != 0 ]] ; then\n    cat << EOM\nerror: The sandbox is not in sync with the Podfile.lock. Run 'pod install' or update your CocoaPods installation.\nEOM\n    exit 1\nfi\n";
			showEnvVarsInLog = 0;
		};
		EB9149DD207B31CBD0FFE20F /* Copy Pods Resources */ = {
			isa = PBXShellScriptBuildPhase;
			buildActionMask = 2147483647;
			files = (
			);
			inputPaths = (
			);
			name = "Copy Pods Resources";
			outputPaths = (
			);
			runOnlyForDeploymentPostprocessing = 0;
			shellPath = /bin/sh;
			shellScript = "\"${SRCROOT}/Pods/Target Support Files/Pods/Pods-resources.sh\"\n";
			showEnvVarsInLog = 0;
		};
/* End PBXShellScriptBuildPhase section */

/* Begin PBXSourcesBuildPhase section */
		3BBB893E1B67349900580272 /* Sources */ = {
			isa = PBXSourcesBuildPhase;
			buildActionMask = 2147483647;
			files = (
				3BBB896B1B6735B200580272 /* restaureantTableViewController.swift in Sources */,
				3BBB894A1B67349900580272 /* ViewController.swift in Sources */,
				3BBB89481B67349900580272 /* AppDelegate.swift in Sources */,
				3BBB89691B67352B00580272 /* restaurant.m in Sources */,
			);
			runOnlyForDeploymentPostprocessing = 0;
		};
		3BBB89531B67349900580272 /* Sources */ = {
			isa = PBXSourcesBuildPhase;
			buildActionMask = 2147483647;
			files = (
				3BBB895E1B67349900580272 /* parsePracticeSwiftTests.swift in Sources */,
			);
			runOnlyForDeploymentPostprocessing = 0;
		};
/* End PBXSourcesBuildPhase section */

/* Begin PBXTargetDependency section */
		3BBB89591B67349900580272 /* PBXTargetDependency */ = {
			isa = PBXTargetDependency;
			target = 3BBB89411B67349900580272 /* parsePracticeSwift */;
			targetProxy = 3BBB89581B67349900580272 /* PBXContainerItemProxy */;
		};
/* End PBXTargetDependency section */

/* Begin PBXVariantGroup section */
		3BBB894B1B67349900580272 /* Main.storyboard */ = {
			isa = PBXVariantGroup;
			children = (
				3BBB894C1B67349900580272 /* Base */,
			);
			name = Main.storyboard;
			sourceTree = "<group>";
		};
		3BBB89501B67349900580272 /* LaunchScreen.xib */ = {
			isa = PBXVariantGroup;
			children = (
				3BBB89511B67349900580272 /* Base */,
			);
			name = LaunchScreen.xib;
			sourceTree = "<group>";
		};
/* End PBXVariantGroup section */

/* Begin XCBuildConfiguration section */
		3BBB895F1B67349900580272 /* Debug */ = {
			isa = XCBuildConfiguration;
			buildSettings = {
				ALWAYS_SEARCH_USER_PATHS = NO;
				CLANG_CXX_LANGUAGE_STANDARD = "gnu++0x";
				CLANG_CXX_LIBRARY = "libc++";
				CLANG_ENABLE_MODULES = YES;
				CLANG_ENABLE_OBJC_ARC = YES;
				CLANG_WARN_BOOL_CONVERSION = YES;
				CLANG_WARN_CONSTANT_CONVERSION = YES;
				CLANG_WARN_DIRECT_OBJC_ISA_USAGE = YES_ERROR;
				CLANG_WARN_EMPTY_BODY = YES;
				CLANG_WARN_ENUM_CONVERSION = YES;
				CLANG_WARN_INT_CONVERSION = YES;
				CLANG_WARN_OBJC_ROOT_CLASS = YES_ERROR;
				CLANG_WARN_UNREACHABLE_CODE = YES;
				CLANG_WARN__DUPLICATE_METHOD_MATCH = YES;
				"CODE_SIGN_IDENTITY[sdk=iphoneos*]" = "iPhone Developer";
				COPY_PHASE_STRIP = NO;
				DEBUG_INFORMATION_FORMAT = "dwarf-with-dsym";
				ENABLE_STRICT_OBJC_MSGSEND = YES;
				GCC_C_LANGUAGE_STANDARD = gnu99;
				GCC_DYNAMIC_NO_PIC = NO;
				GCC_NO_COMMON_BLOCKS = YES;
				GCC_OPTIMIZATION_LEVEL = 0;
				GCC_PREPROCESSOR_DEFINITIONS = (
					"DEBUG=1",
					"$(inherited)",
				);
				GCC_SYMBOLS_PRIVATE_EXTERN = NO;
				GCC_WARN_64_TO_32_BIT_CONVERSION = YES;
				GCC_WARN_ABOUT_RETURN_TYPE = YES_ERROR;
				GCC_WARN_UNDECLARED_SELECTOR = YES;
				GCC_WARN_UNINITIALIZED_AUTOS = YES_AGGRESSIVE;
				GCC_WARN_UNUSED_FUNCTION = YES;
				GCC_WARN_UNUSED_VARIABLE = YES;
				IPHONEOS_DEPLOYMENT_TARGET = 8.4;
				MTL_ENABLE_DEBUG_INFO = YES;
				ONLY_ACTIVE_ARCH = YES;
				SDKROOT = iphoneos;
				SWIFT_OPTIMIZATION_LEVEL = "-Onone";
				TARGETED_DEVICE_FAMILY = "1,2";
			};
			name = Debug;
		};
		3BBB89601B67349900580272 /* Release */ = {
			isa = XCBuildConfiguration;
			buildSettings = {
				ALWAYS_SEARCH_USER_PATHS = NO;
				CLANG_CXX_LANGUAGE_STANDARD = "gnu++0x";
				CLANG_CXX_LIBRARY = "libc++";
				CLANG_ENABLE_MODULES = YES;
				CLANG_ENABLE_OBJC_ARC = YES;
				CLANG_WARN_BOOL_CONVERSION = YES;
				CLANG_WARN_CONSTANT_CONVERSION = YES;
				CLANG_WARN_DIRECT_OBJC_ISA_USAGE = YES_ERROR;
				CLANG_WARN_EMPTY_BODY = YES;
				CLANG_WARN_ENUM_CONVERSION = YES;
				CLANG_WARN_INT_CONVERSION = YES;
				CLANG_WARN_OBJC_ROOT_CLASS = YES_ERROR;
				CLANG_WARN_UNREACHABLE_CODE = YES;
				CLANG_WARN__DUPLICATE_METHOD_MATCH = YES;
				"CODE_SIGN_IDENTITY[sdk=iphoneos*]" = "iPhone Developer";
				COPY_PHASE_STRIP = NO;
				DEBUG_INFORMATION_FORMAT = "dwarf-with-dsym";
				ENABLE_NS_ASSERTIONS = NO;
				ENABLE_STRICT_OBJC_MSGSEND = YES;
				GCC_C_LANGUAGE_STANDARD = gnu99;
				GCC_NO_COMMON_BLOCKS = YES;
				GCC_WARN_64_TO_32_BIT_CONVERSION = YES;
				GCC_WARN_ABOUT_RETURN_TYPE = YES_ERROR;
				GCC_WARN_UNDECLARED_SELECTOR = YES;
				GCC_WARN_UNINITIALIZED_AUTOS = YES_AGGRESSIVE;
				GCC_WARN_UNUSED_FUNCTION = YES;
				GCC_WARN_UNUSED_VARIABLE = YES;
				IPHONEOS_DEPLOYMENT_TARGET = 8.4;
				MTL_ENABLE_DEBUG_INFO = NO;
				SDKROOT = iphoneos;
				TARGETED_DEVICE_FAMILY = "1,2";
				VALIDATE_PRODUCT = YES;
			};
			name = Release;
		};
		3BBB89621B67349900580272 /* Debug */ = {
			isa = XCBuildConfiguration;
			baseConfigurationReference = C1FE0A78AD61780691A2578A /* Pods.debug.xcconfig */;
			buildSettings = {
				ASSETCATALOG_COMPILER_APPICON_NAME = AppIcon;
				CLANG_ENABLE_MODULES = YES;
				INFOPLIST_FILE = parsePracticeSwift/Info.plist;
				LD_RUNPATH_SEARCH_PATHS = "$(inherited) @executable_path/Frameworks";
				PRODUCT_NAME = "$(TARGET_NAME)";
				SWIFT_OBJC_BRIDGING_HEADER = "parsePracticeSwift-Bridging-Header.h";
				SWIFT_OPTIMIZATION_LEVEL = "-Onone";
			};
			name = Debug;
		};
		3BBB89631B67349900580272 /* Release */ = {
			isa = XCBuildConfiguration;
			baseConfigurationReference = 297126791141E345DF8F89CE /* Pods.release.xcconfig */;
			buildSettings = {
				ASSETCATALOG_COMPILER_APPICON_NAME = AppIcon;
				CLANG_ENABLE_MODULES = YES;
				INFOPLIST_FILE = parsePracticeSwift/Info.plist;
				LD_RUNPATH_SEARCH_PATHS = "$(inherited) @executable_path/Frameworks";
				PRODUCT_NAME = "$(TARGET_NAME)";
				SWIFT_OBJC_BRIDGING_HEADER = "parsePracticeSwift-Bridging-Header.h";
			};
			name = Release;
		};
		3BBB89651B67349900580272 /* Debug */ = {
			isa = XCBuildConfiguration;
			buildSettings = {
				BUNDLE_LOADER = "$(TEST_HOST)";
				FRAMEWORK_SEARCH_PATHS = (
					"$(SDKROOT)/Developer/Library/Frameworks",
					"$(inherited)",
				);
				GCC_PREPROCESSOR_DEFINITIONS = (
					"DEBUG=1",
					"$(inherited)",
				);
				INFOPLIST_FILE = parsePracticeSwiftTests/Info.plist;
				LD_RUNPATH_SEARCH_PATHS = "$(inherited) @executable_path/Frameworks @loader_path/Frameworks";
				PRODUCT_NAME = "$(TARGET_NAME)";
				TEST_HOST = "$(BUILT_PRODUCTS_DIR)/parsePracticeSwift.app/parsePracticeSwift";
			};
			name = Debug;
		};
		3BBB89661B67349900580272 /* Release */ = {
			isa = XCBuildConfiguration;
			buildSettings = {
				BUNDLE_LOADER = "$(TEST_HOST)";
				FRAMEWORK_SEARCH_PATHS = (
					"$(SDKROOT)/Developer/Library/Frameworks",
					"$(inherited)",
				);
				INFOPLIST_FILE = parsePracticeSwiftTests/Info.plist;
				LD_RUNPATH_SEARCH_PATHS = "$(inherited) @executable_path/Frameworks @loader_path/Frameworks";
				PRODUCT_NAME = "$(TARGET_NAME)";
				TEST_HOST = "$(BUILT_PRODUCTS_DIR)/parsePracticeSwift.app/parsePracticeSwift";
			};
			name = Release;
		};
/* End XCBuildConfiguration section */

/* Begin XCConfigurationList section */
		3BBB893D1B67349900580272 /* Build configuration list for PBXProject "parsePracticeSwift" */ = {
			isa = XCConfigurationList;
			buildConfigurations = (
				3BBB895F1B67349900580272 /* Debug */,
				3BBB89601B67349900580272 /* Release */,
			);
			defaultConfigurationIsVisible = 0;
			defaultConfigurationName = Release;
		};
		3BBB89611B67349900580272 /* Build configuration list for PBXNativeTarget "parsePracticeSwift" */ = {
			isa = XCConfigurationList;
			buildConfigurations = (
				3BBB89621B67349900580272 /* Debug */,
				3BBB89631B67349900580272 /* Release */,
			);
			defaultConfigurationIsVisible = 0;
			defaultConfigurationName = Release;
		};
		3BBB89641B67349900580272 /* Build configuration list for PBXNativeTarget "parsePracticeSwiftTests" */ = {
			isa = XCConfigurationList;
			buildConfigurations = (
				3BBB89651B67349900580272 /* Debug */,
				3BBB89661B67349900580272 /* Release */,
			);
			defaultConfigurationIsVisible = 0;
			defaultConfigurationName = Release;
		};
/* End XCConfigurationList section */
	};
	rootObject = 3BBB893A1B67349900580272 /* Project object */;
}
